// !$*UTF8*$!
{
	archiveVersion = 1;
	classes = {
	};
	objectVersion = 50;
	objects = {

/* Begin PBXBuildFile section */
		375777A82465A0F0005CC588 /* AppDelegate.swift in Sources */ = {isa = PBXBuildFile; fileRef = 375777A72465A0F0005CC588 /* AppDelegate.swift */; };
		375777AA2465A0F0005CC588 /* SceneDelegate.swift in Sources */ = {isa = PBXBuildFile; fileRef = 375777A92465A0F0005CC588 /* SceneDelegate.swift */; };
		375777AC2465A0F0005CC588 /* MapVC.swift in Sources */ = {isa = PBXBuildFile; fileRef = 375777AB2465A0F0005CC588 /* MapVC.swift */; };
		375777AF2465A0F0005CC588 /* Main.storyboard in Resources */ = {isa = PBXBuildFile; fileRef = 375777AD2465A0F0005CC588 /* Main.storyboard */; };
		375777B12465A0F0005CC588 /* Assets.xcassets in Resources */ = {isa = PBXBuildFile; fileRef = 375777B02465A0F0005CC588 /* Assets.xcassets */; };
		375777B42465A0F0005CC588 /* LaunchScreen.storyboard in Resources */ = {isa = PBXBuildFile; fileRef = 375777B22465A0F0005CC588 /* LaunchScreen.storyboard */; };
/* End PBXBuildFile section */

/* Begin PBXFileReference section */
		375777A42465A0F0005CC588 /* Pixel-City.app */ = {isa = PBXFileReference; explicitFileType = wrapper.application; includeInIndex = 0; path = "Pixel-City.app"; sourceTree = BUILT_PRODUCTS_DIR; };
		375777A72465A0F0005CC588 /* AppDelegate.swift */ = {isa = PBXFileReference; lastKnownFileType = sourcecode.swift; path = AppDelegate.swift; sourceTree = "<group>"; };
		375777A92465A0F0005CC588 /* SceneDelegate.swift */ = {isa = PBXFileReference; lastKnownFileType = sourcecode.swift; path = SceneDelegate.swift; sourceTree = "<group>"; };
		375777AB2465A0F0005CC588 /* MapVC.swift */ = {isa = PBXFileReference; lastKnownFileType = sourcecode.swift; path = MapVC.swift; sourceTree = "<group>"; };
		375777AE2465A0F0005CC588 /* Base */ = {isa = PBXFileReference; lastKnownFileType = file.storyboard; name = Base; path = Base.lproj/Main.storyboard; sourceTree = "<group>"; };
		375777B02465A0F0005CC588 /* Assets.xcassets */ = {isa = PBXFileReference; lastKnownFileType = folder.assetcatalog; path = Assets.xcassets; sourceTree = "<group>"; };
		375777B32465A0F0005CC588 /* Base */ = {isa = PBXFileReference; lastKnownFileType = file.storyboard; name = Base; path = Base.lproj/LaunchScreen.storyboard; sourceTree = "<group>"; };
		375777B52465A0F0005CC588 /* Info.plist */ = {isa = PBXFileReference; lastKnownFileType = text.plist.xml; path = Info.plist; sourceTree = "<group>"; };
/* End PBXFileReference section */

/* Begin PBXFrameworksBuildPhase section */
		375777A12465A0F0005CC588 /* Frameworks */ = {
			isa = PBXFrameworksBuildPhase;
			buildActionMask = 2147483647;
			files = (
			);
			runOnlyForDeploymentPostprocessing = 0;
		};
/* End PBXFrameworksBuildPhase section */

/* Begin PBXGroup section */
		3757779B2465A0F0005CC588 = {
			isa = PBXGroup;
			children = (
				375777A62465A0F0005CC588 /* Pixel-City */,
				375777A52465A0F0005CC588 /* Products */,
			);
			sourceTree = "<group>";
		};
		375777A52465A0F0005CC588 /* Products */ = {
			isa = PBXGroup;
			children = (
				375777A42465A0F0005CC588 /* Pixel-City.app */,
			);
			name = Products;
			sourceTree = "<group>";
		};
		375777A62465A0F0005CC588 /* Pixel-City */ = {
			isa = PBXGroup;
			children = (
				375777BE2465A129005CC588 /* Utilities */,
				375777BD2465A11C005CC588 /* Extensions */,
				375777BC2465A110005CC588 /* View */,
				375777BB2465A102005CC588 /* Controller */,
				375777A72465A0F0005CC588 /* AppDelegate.swift */,
				375777A92465A0F0005CC588 /* SceneDelegate.swift */,
				375777AD2465A0F0005CC588 /* Main.storyboard */,
				375777B02465A0F0005CC588 /* Assets.xcassets */,
				375777B22465A0F0005CC588 /* LaunchScreen.storyboard */,
				375777B52465A0F0005CC588 /* Info.plist */,
			);
			path = "Pixel-City";
			sourceTree = "<group>";
		};
		375777BB2465A102005CC588 /* Controller */ = {
			isa = PBXGroup;
			children = (
				375777AB2465A0F0005CC588 /* MapVC.swift */,
			);
			path = Controller;
			sourceTree = "<group>";
		};
		375777BC2465A110005CC588 /* View */ = {
			isa = PBXGroup;
			children = (
			);
			path = View;
			sourceTree = "<group>";
		};
		375777BD2465A11C005CC588 /* Extensions */ = {
			isa = PBXGroup;
			children = (
			);
			path = Extensions;
			sourceTree = "<group>";
		};
		375777BE2465A129005CC588 /* Utilities */ = {
			isa = PBXGroup;
			children = (
			);
			path = Utilities;
			sourceTree = "<group>";
		};
/* End PBXGroup section */

/* Begin PBXNativeTarget section */
		375777A32465A0F0005CC588 /* Pixel-City */ = {
			isa = PBXNativeTarget;
			buildConfigurationList = 375777B82465A0F0005CC588 /* Build configuration list for PBXNativeTarget "Pixel-City" */;
			buildPhases = (
				375777A02465A0F0005CC588 /* Sources */,
				375777A12465A0F0005CC588 /* Frameworks */,
				375777A22465A0F0005CC588 /* Resources */,
			);
			buildRules = (
			);
			dependencies = (
			);
			name = "Pixel-City";
			productName = "Pixel-City";
			productReference = 375777A42465A0F0005CC588 /* Pixel-City.app */;
			productType = "com.apple.product-type.application";
		};
/* End PBXNativeTarget section */

/* Begin PBXProject section */
		3757779C2465A0F0005CC588 /* Project object */ = {
			isa = PBXProject;
			attributes = {
				LastSwiftUpdateCheck = 1140;
				LastUpgradeCheck = 1140;
				ORGANIZATIONNAME = Urmat;
				TargetAttributes = {
					375777A32465A0F0005CC588 = {
						CreatedOnToolsVersion = 11.4;
					};
				};
			};
			buildConfigurationList = 3757779F2465A0F0005CC588 /* Build configuration list for PBXProject "Pixel-City" */;
			compatibilityVersion = "Xcode 9.3";
			developmentRegion = en;
			hasScannedForEncodings = 0;
			knownRegions = (
				en,
				Base,
			);
			mainGroup = 3757779B2465A0F0005CC588;
			productRefGroup = 375777A52465A0F0005CC588 /* Products */;
			projectDirPath = "";
			projectRoot = "";
			targets = (
				375777A32465A0F0005CC588 /* Pixel-City */,
			);
		};
/* End PBXProject section */

/* Begin PBXResourcesBuildPhase section */
		375777A22465A0F0005CC588 /* Resources */ = {
			isa = PBXResourcesBuildPhase;
			buildActionMask = 2147483647;
			files = (
				375777B42465A0F0005CC588 /* LaunchScreen.storyboard in Resources */,
				375777B12465A0F0005CC588 /* Assets.xcassets in Resources */,
				375777AF2465A0F0005CC588 /* Main.storyboard in Resources */,
			);
			runOnlyForDeploymentPostprocessing = 0;
		};
/* End PBXResourcesBuildPhase section */

/* Begin PBXSourcesBuildPhase section */
		375777A02465A0F0005CC588 /* Sources */ = {
			isa = PBXSourcesBuildPhase;
			buildActionMask = 2147483647;
			files = (
				375777AC2465A0F0005CC588 /* MapVC.swift in Sources */,
				375777A82465A0F0005CC588 /* AppDelegate.swift in Sources */,
				375777AA2465A0F0005CC588 /* SceneDelegate.swift in Sources */,
			);
			runOnlyForDeploymentPostprocessing = 0;
		};
/* End PBXSourcesBuildPhase section */

/* Begin PBXVariantGroup section */
		375777AD2465A0F0005CC588 /* Main.storyboard */ = {
			isa = PBXVariantGroup;
			children = (
				375777AE2465A0F0005CC588 /* Base */,
			);
			name = Main.storyboard;
			sourceTree = "<group>";
		};
		375777B22465A0F0005CC588 /* LaunchScreen.storyboard */ = {
			isa = PBXVariantGroup;
			children = (
				375777B32465A0F0005CC588 /* Base */,
			);
			name = LaunchScreen.storyboard;
			sourceTree = "<group>";
		};
/* End PBXVariantGroup section */

/* Begin XCBuildConfiguration section */
		375777B62465A0F0005CC588 /* Debug */ = {
			isa = XCBuildConfiguration;
			buildSettings = {
				ALWAYS_SEARCH_USER_PATHS = NO;
				CLANG_ANALYZER_NONNULL = YES;
				CLANG_ANALYZER_NUMBER_OBJECT_CONVERSION = YES_AGGRESSIVE;
				CLANG_CXX_LANGUAGE_STANDARD = "gnu++14";
				CLANG_CXX_LIBRARY = "libc++";
				CLANG_ENABLE_MODULES = YES;
				CLANG_ENABLE_OBJC_ARC = YES;
				CLANG_ENABLE_OBJC_WEAK = YES;
				CLANG_WARN_BLOCK_CAPTURE_AUTORELEASING = YES;
				CLANG_WARN_BOOL_CONVERSION = YES;
				CLANG_WARN_COMMA = YES;
				CLANG_WARN_CONSTANT_CONVERSION = YES;
				CLANG_WARN_DEPRECATED_OBJC_IMPLEMENTATIONS = YES;
				CLANG_WARN_DIRECT_OBJC_ISA_USAGE = YES_ERROR;
				CLANG_WARN_DOCUMENTATION_COMMENTS = YES;
				CLANG_WARN_EMPTY_BODY = YES;
				CLANG_WARN_ENUM_CONVERSION = YES;
				CLANG_WARN_INFINITE_RECURSION = YES;
				CLANG_WARN_INT_CONVERSION = YES;
				CLANG_WARN_NON_LITERAL_NULL_CONVERSION = YES;
				CLANG_WARN_OBJC_IMPLICIT_RETAIN_SELF = YES;
				CLANG_WARN_OBJC_LITERAL_CONVERSION = YES;
				CLANG_WARN_OBJC_ROOT_CLASS = YES_ERROR;
				CLANG_WARN_RANGE_LOOP_ANALYSIS = YES;
				CLANG_WARN_STRICT_PROTOTYPES = YES;
				CLANG_WARN_SUSPICIOUS_MOVE = YES;
				CLANG_WARN_UNGUARDED_AVAILABILITY = YES_AGGRESSIVE;
				CLANG_WARN_UNREACHABLE_CODE = YES;
				CLANG_WARN__DUPLICATE_METHOD_MATCH = YES;
				COPY_PHASE_STRIP = NO;
				DEBUG_INFORMATION_FORMAT = dwarf;
				ENABLE_STRICT_OBJC_MSGSEND = YES;
				ENABLE_TESTABILITY = YES;
				GCC_C_LANGUAGE_STANDARD = gnu11;
				GCC_DYNAMIC_NO_PIC = NO;
				GCC_NO_COMMON_BLOCKS = YES;
				GCC_OPTIMIZATION_LEVEL = 0;
				GCC_PREPROCESSOR_DEFINITIONS = (
					"DEBUG=1",
					"$(inherited)",
				);
				GCC_WARN_64_TO_32_BIT_CONVERSION = YES;
				GCC_WARN_ABOUT_RETURN_TYPE = YES_ERROR;
				GCC_WARN_UNDECLARED_SELECTOR = YES;
				GCC_WARN_UNINITIALIZED_AUTOS = YES_AGGRESSIVE;
				GCC_WARN_UNUSED_FUNCTION = YES;
				GCC_WARN_UNUSED_VARIABLE = YES;
				IPHONEOS_DEPLOYMENT_TARGET = 13.4;
				MTL_ENABLE_DEBUG_INFO = INCLUDE_SOURCE;
				MTL_FAST_MATH = YES;
				ONLY_ACTIVE_ARCH = YES;
				SDKROOT = iphoneos;
				SWIFT_ACTIVE_COMPILATION_CONDITIONS = DEBUG;
				SWIFT_OPTIMIZATION_LEVEL = "-Onone";
			};
			name = Debug;
		};
		375777B72465A0F0005CC588 /* Release */ = {
			isa = XCBuildConfiguration;
			buildSettings = {
				ALWAYS_SEARCH_USER_PATHS = NO;
				CLANG_ANALYZER_NONNULL = YES;
				CLANG_ANALYZER_NUMBER_OBJECT_CONVERSION = YES_AGGRESSIVE;
				CLANG_CXX_LANGUAGE_STANDARD = "gnu++14";
				CLANG_CXX_LIBRARY = "libc++";
				CLANG_ENABLE_MODULES = YES;
				CLANG_ENABLE_OBJC_ARC = YES;
				CLANG_ENABLE_OBJC_WEAK = YES;
				CLANG_WARN_BLOCK_CAPTURE_AUTORELEASING = YES;
				CLANG_WARN_BOOL_CONVERSION = YES;
				CLANG_WARN_COMMA = YES;
				CLANG_WARN_CONSTANT_CONVERSION = YES;
				CLANG_WARN_DEPRECATED_OBJC_IMPLEMENTATIONS = YES;
				CLANG_WARN_DIRECT_OBJC_ISA_USAGE = YES_ERROR;
				CLANG_WARN_DOCUMENTATION_COMMENTS = YES;
				CLANG_WARN_EMPTY_BODY = YES;
				CLANG_WARN_ENUM_CONVERSION = YES;
				CLANG_WARN_INFINITE_RECURSION = YES;
				CLANG_WARN_INT_CONVERSION = YES;
				CLANG_WARN_NON_LITERAL_NULL_CONVERSION = YES;
				CLANG_WARN_OBJC_IMPLICIT_RETAIN_SELF = YES;
				CLANG_WARN_OBJC_LITERAL_CONVERSION = YES;
				CLANG_WARN_OBJC_ROOT_CLASS = YES_ERROR;
				CLANG_WARN_RANGE_LOOP_ANALYSIS = YES;
				CLANG_WARN_STRICT_PROTOTYPES = YES;
				CLANG_WARN_SUSPICIOUS_MOVE = YES;
				CLANG_WARN_UNGUARDED_AVAILABILITY = YES_AGGRESSIVE;
				CLANG_WARN_UNREACHABLE_CODE = YES;
				CLANG_WARN__DUPLICATE_METHOD_MATCH = YES;
				COPY_PHASE_STRIP = NO;
				DEBUG_INFORMATION_FORMAT = "dwarf-with-dsym";
				ENABLE_NS_ASSERTIONS = NO;
				ENABLE_STRICT_OBJC_MSGSEND = YES;
				GCC_C_LANGUAGE_STANDARD = gnu11;
				GCC_NO_COMMON_BLOCKS = YES;
				GCC_WARN_64_TO_32_BIT_CONVERSION = YES;
				GCC_WARN_ABOUT_RETURN_TYPE = YES_ERROR;
				GCC_WARN_UNDECLARED_SELECTOR = YES;
				GCC_WARN_UNINITIALIZED_AUTOS = YES_AGGRESSIVE;
				GCC_WARN_UNUSED_FUNCTION = YES;
				GCC_WARN_UNUSED_VARIABLE = YES;
				IPHONEOS_DEPLOYMENT_TARGET = 13.4;
				MTL_ENABLE_DEBUG_INFO = NO;
				MTL_FAST_MATH = YES;
				SDKROOT = iphoneos;
				SWIFT_COMPILATION_MODE = wholemodule;
				SWIFT_OPTIMIZATION_LEVEL = "-O";
				VALIDATE_PRODUCT = YES;
			};
			name = Release;
		};
		375777B92465A0F0005CC588 /* Debug */ = {
			isa = XCBuildConfiguration;
			buildSettings = {
				ASSETCATALOG_COMPILER_APPICON_NAME = AppIcon;
				CODE_SIGN_STYLE = Automatic;
				DEVELOPMENT_TEAM = RW77ZW8HLL;
				INFOPLIST_FILE = "Pixel-City/Info.plist";
				LD_RUNPATH_SEARCH_PATHS = (
					"$(inherited)",
					"@executable_path/Frameworks",
				);
				PRODUCT_BUNDLE_IDENTIFIER = "Urmat.Pixel-City";
				PRODUCT_NAME = "$(TARGET_NAME)";
				SWIFT_VERSION = 5.0;
				TARGETED_DEVICE_FAMILY = "1,2";
			};
			name = Debug;
		};
		375777BA2465A0F0005CC588 /* Release */ = {
			isa = XCBuildConfiguration;
			buildSettings = {
				ASSETCATALOG_COMPILER_APPICON_NAME = AppIcon;
				CODE_SIGN_STYLE = Automatic;
				DEVELOPMENT_TEAM = RW77ZW8HLL;
				INFOPLIST_FILE = "Pixel-City/Info.plist";
				LD_RUNPATH_SEARCH_PATHS = (
					"$(inherited)",
					"@executable_path/Frameworks",
				);
				PRODUCT_BUNDLE_IDENTIFIER = "Urmat.Pixel-City";
				PRODUCT_NAME = "$(TARGET_NAME)";
				SWIFT_VERSION = 5.0;
				TARGETED_DEVICE_FAMILY = "1,2";
			};
			name = Release;
		};
/* End XCBuildConfiguration section */

/* Begin XCConfigurationList section */
		3757779F2465A0F0005CC588 /* Build configuration list for PBXProject "Pixel-City" */ = {
			isa = XCConfigurationList;
			buildConfigurations = (
				375777B62465A0F0005CC588 /* Debug */,
				375777B72465A0F0005CC588 /* Release */,
			);
			defaultConfigurationIsVisible = 0;
			defaultConfigurationName = Release;
		};
		375777B82465A0F0005CC588 /* Build configuration list for PBXNativeTarget "Pixel-City" */ = {
			isa = XCConfigurationList;
			buildConfigurations = (
				375777B92465A0F0005CC588 /* Debug */,
				375777BA2465A0F0005CC588 /* Release */,
			);
			defaultConfigurationIsVisible = 0;
			defaultConfigurationName = Release;
		};
/* End XCConfigurationList section */
	};
	rootObject = 3757779C2465A0F0005CC588 /* Project object */;
}
